
Microsoft Visual Studio Solution File, Format Version 12.00
Project("{FAE04EC0-301F-11D3-BF4B-00C04F79EFBC}") = "CollectionTester", "CollectionTester.csproj", "{1BADF7E8-66CA-4330-B22A-280320A46AEE}"
EndProject
Global
	GlobalSection(SolutionConfigurationPlatforms) = preSolution
		Debug|Any CPU = Debug|Any CPU
		Release|Any CPU = Release|Any CPU
	EndGlobalSection
	GlobalSection(ProjectConfigurationPlatforms) = postSolution
		{1BADF7E8-66CA-4330-B22A-280320A46AEE}.Debug|Any CPU.ActiveCfg = Debug|Any CPU
		{1BADF7E8-66CA-4330-B22A-280320A46AEE}.Debug|Any CPU.Build.0 = Debug|Any CPU
		{1BADF7E8-66CA-4330-B22A-280320A46AEE}.Release|Any CPU.ActiveCfg = Release|Any CPU
		{1BADF7E8-66CA-4330-B22A-280320A46AEE}.Release|Any CPU.Build.0 = Release|Any CPU
	EndGlobalSection
EndGlobal
